# This file is automatically @generated by Poetry and should not be changed by hand.

[[package]]
name = "sample-dependency"
version = "0.0.1"
description = ""
category = "main"
optional = false
python-versions = "*"
files = [
    {file = "sample_dependency-0.0.1-py3-none-any.whl", hash = "sha256:01d5d68565a3a10eabf3f2dbd97b006604e2c35dda128afa699553841a1e7d44"},
]

[metadata]
lock-version = "2.0"
python-versions = "^3.7"
content-hash = "e8e63328a27966d33072b182c29bc5d145deb6c0c3c7fc5eadab8f265e78745a"
