# This file is automatically @generated by Poetry and should not be changed by hand.

[[package]]
name = "sample-dependency"
version = "0.0.1"
description = ""
category = "main"
optional = false
python-versions = "*"
files = [
    {file = "sample_dependency-0.0.1-py3-none-any.whl", hash = "sha256:7a8ec19526e9b892a57e6a661e3da2543239390b41252f9f496e11c272ee02a7"},
]

[metadata]
lock-version = "2.0"
python-versions = "^3.7"
content-hash = "e8e63328a27966d33072b182c29bc5d145deb6c0c3c7fc5eadab8f265e78745a"
